{
  "version": 4,
  "terraform_version": "1.7.5",
  "serial": 3,
  "lineage": "6f28f2f8-455a-d05c-9836-eb2563be8e8c",
  "outputs": {
    "app_service_name": {
      "value": "your-webapp-dev",
      "type": "string"
    }
  },
  "resources": [
    {
      "mode": "managed",
      "type": "azurerm_app_service",
      "name": "webapp",
      "provider": "provider[\"registry.terraform.io/hashicorp/azurerm\"]",
      "instances": [
        {
          "schema_version": 0,
          "attributes": {
            "app_service_plan_id": "/subscriptions/ee9b5775-4171-4f2f-bc51-da8bae427b4d/resourceGroups/rg-web-demo/providers/Microsoft.Web/serverfarms/ASP-rgwebdemo-b2f7",
            "app_settings": {
              "WEBSITE_RUN_FROM_PACKAGE": "0"
            },
            "auth_settings": [
              {
                "active_directory": [],
                "additional_login_params": {},
                "allowed_external_redirect_urls": [],
                "default_provider": "",
                "enabled": false,
                "facebook": [],
                "google": [],
                "issuer": "",
                "microsoft": [],
                "runtime_version": "",
                "token_refresh_extension_hours": 0,
                "token_store_enabled": false,
                "twitter": [],
                "unauthenticated_client_action": ""
              }
            ],
            "backup": [],
            "client_affinity_enabled": false,
            "client_cert_enabled": false,
            "client_cert_mode": "Required",
            "connection_string": [],
            "custom_domain_verification_id": "4B3048B78C990A866EEA4D4F7E057A964006107CCF04C3330D57C3C45CFF97D8",
            "default_site_hostname": "your-webapp-dev.azurewebsites.net",
            "enabled": true,
            "https_only": true,
            "id": "/subscriptions/ee9b5775-4171-4f2f-bc51-da8bae427b4d/resourceGroups/rg-web-demo/providers/Microsoft.Web/sites/your-webapp-dev",
            "identity": [],
            "key_vault_reference_identity_id": "SystemAssigned",
            "location": "southeastasia",
            "logs": [
              {
                "application_logs": [
                  {
                    "azure_blob_storage": [],
                    "file_system_level": "Off"
                  }
                ],
                "detailed_error_messages_enabled": false,
                "failed_request_tracing_enabled": false,
                "http_logs": [
                  {
                    "azure_blob_storage": [],
                    "file_system": []
                  }
                ]
              }
            ],
            "name": "your-webapp-dev",
            "outbound_ip_address_list": [
              "20.198.194.45",
              "20.198.195.95",
              "20.198.195.125",
              "20.198.195.127",
              "20.198.195.184",
              "20.198.195.233",
              "20.212.64.11"
            ],
            "outbound_ip_addresses": "20.198.194.45,20.198.195.95,20.198.195.125,20.198.195.127,20.198.195.184,20.198.195.233,20.212.64.11",
            "possible_outbound_ip_address_list": [
              "20.198.194.45",
              "20.198.195.95",
              "20.198.195.125",
              "20.198.195.127",
              "20.198.195.184",
              "20.198.195.233",
              "20.247.136.27",
              "20.198.195.235",
              "20.198.195.238",
              "20.198.195.240",
              "20.198.194.41",
              "20.198.195.25",
              "20.198.196.2",
              "20.198.196.14",
              "20.198.196.24",
              "20.198.196.29",
              "20.198.195.81",
              "20.198.196.41",
              "20.198.196.69",
              "20.198.196.70",
              "20.198.196.76",
              "20.195.59.80",
              "20.195.59.147",
              "20.195.60.197",
              "20.195.61.151",
              "20.195.61.232",
              "20.195.61.234",
              "20.195.62.2",
              "20.195.58.235",
              "20.195.62.57",
              "20.195.62.100",
              "20.212.64.11"
            ],
            "possible_outbound_ip_addresses": "20.198.194.45,20.198.195.95,20.198.195.125,20.198.195.127,20.198.195.184,20.198.195.233,20.247.136.27,20.198.195.235,20.198.195.238,20.198.195.240,20.198.194.41,20.198.195.25,20.198.196.2,20.198.196.14,20.198.196.24,20.198.196.29,20.198.195.81,20.198.196.41,20.198.196.69,20.198.196.70,20.198.196.76,20.195.59.80,20.195.59.147,20.195.60.197,20.195.61.151,20.195.61.232,20.195.61.234,20.195.62.2,20.195.58.235,20.195.62.57,20.195.62.100,20.212.64.11",
            "resource_group_name": "rg-web-demo",
            "site_config": [
              {
                "acr_use_managed_identity_credentials": false,
                "acr_user_managed_identity_client_id": "",
                "always_on": true,
                "app_command_line": "",
                "auto_swap_slot_name": "",
                "cors": [
                  {
                    "allowed_origins": [],
                    "support_credentials": false
                  }
                ],
                "default_documents": null,
                "dotnet_framework_version": "v4.0",
                "ftps_state": "FtpsOnly",
                "health_check_path": "",
                "http2_enabled": false,
                "ip_restriction": [],
                "java_container": "",
                "java_container_version": "",
                "java_version": "",
                "linux_fx_version": "",
                "local_mysql_enabled": false,
                "managed_pipeline_mode": "Integrated",
                "min_tls_version": "1.2",
                "number_of_workers": 1,
                "php_version": "",
                "python_version": "",
                "remote_debugging_enabled": false,
                "remote_debugging_version": "VS2022",
                "scm_ip_restriction": [],
                "scm_type": "None",
                "scm_use_main_ip_restriction": false,
                "use_32_bit_worker_process": false,
                "vnet_route_all_enabled": false,
                "websockets_enabled": false,
                "windows_fx_version": "DOTNET|4.0"
              }
            ],
            "site_credential": [
              {
                "password": "irC7TFM3se7DDbv7nKSErxFDGrr5cW9WxNgSamB06TaBpHaj7nc0s86Bin9T",
                "username": "$your-webapp-dev"
              }
            ],
            "source_control": [
              {
                "branch": "main",
                "manual_integration": false,
                "repo_url": "",
                "rollback_enabled": false,
                "use_mercurial": false
              }
            ],
            "storage_account": [],
            "tags": null,
            "timeouts": null
          },
          "sensitive_attributes": [],
          "private": "eyJlMmJmYjczMC1lY2FhLTExZTYtOGY4OC0zNDM2M2JjN2M0YzAiOnsiY3JlYXRlIjoxODAwMDAwMDAwMDAwLCJkZWxldGUiOjE4MDAwMDAwMDAwMDAsInJlYWQiOjMwMDAwMDAwMDAwMCwidXBkYXRlIjoxODAwMDAwMDAwMDAwfX0="
        }
      ]
    }
  ],
  "check_results": null
}
